
Microsoft Visual Studio Solution File, Format Version 12.00
# Visual Studio 2013
VisualStudioVersion = 12.0.21005.1
MinimumVisualStudioVersion = 10.0.40219.1
Project("{FAE04EC0-301F-11D3-BF4B-00C04F79EFBC}") = "RealTimeEntityFramework", "RealTimeEntityFramework\RealTimeEntityFramework.csproj", "{8283B70D-CA98-4C0C-85D9-B9072B08CC25}"
EndProject
Project("{FAE04EC0-301F-11D3-BF4B-00C04F79EFBC}") = "RealTimeEntityFramework.Web", "..\..\samples\RealTimeEntityFramework.Web\RealTimeEntityFramework.Web.csproj", "{34286960-A0A5-4F33-BDB7-5AD9B74828D4}"
EndProject
Global
	GlobalSection(SolutionConfigurationPlatforms) = preSolution
		Debug|Any CPU = Debug|Any CPU
		Release|Any CPU = Release|Any CPU
	EndGlobalSection
	GlobalSection(ProjectConfigurationPlatforms) = postSolution
		{8283B70D-CA98-4C0C-85D9-B9072B08CC25}.Debug|Any CPU.ActiveCfg = Debug|Any CPU
		{8283B70D-CA98-4C0C-85D9-B9072B08CC25}.Debug|Any CPU.Build.0 = Debug|Any CPU
		{8283B70D-CA98-4C0C-85D9-B9072B08CC25}.Release|Any CPU.ActiveCfg = Release|Any CPU
		{8283B70D-CA98-4C0C-85D9-B9072B08CC25}.Release|Any CPU.Build.0 = Release|Any CPU
		{34286960-A0A5-4F33-BDB7-5AD9B74828D4}.Debug|Any CPU.ActiveCfg = Debug|Any CPU
		{34286960-A0A5-4F33-BDB7-5AD9B74828D4}.Debug|Any CPU.Build.0 = Debug|Any CPU
		{34286960-A0A5-4F33-BDB7-5AD9B74828D4}.Release|Any CPU.ActiveCfg = Release|Any CPU
		{34286960-A0A5-4F33-BDB7-5AD9B74828D4}.Release|Any CPU.Build.0 = Release|Any CPU
	EndGlobalSection
	GlobalSection(SolutionProperties) = preSolution
		HideSolutionNode = FALSE
	EndGlobalSection
EndGlobal
